
Microsoft Visual Studio Solution File, Format Version 12.00
# Visual Studio 14
VisualStudioVersion = 14.0.23107.0
MinimumVisualStudioVersion = 10.0.40219.1
Project("{FAE04EC0-301F-11D3-BF4B-00C04F79EFBC}") = "EmailValidator.NET", "EmailValidator.NET\EmailValidator.NET.csproj", "{18A91A53-6932-4AD8-88F3-DD128DC20EEF}"
EndProject
Project("{FAE04EC0-301F-11D3-BF4B-00C04F79EFBC}") = "EmailValidator.NET.Tests", "EmailValidator.NET.Tests\EmailValidator.NET.Tests.csproj", "{4DC12498-642F-4CA3-9824-1EC8FAB2AE49}"
EndProject
Project("{2150E333-8FDC-42A3-9474-1A3956D46DE8}") = "Solution Items", "Solution Items", "{0EC0832C-6DBE-40B7-AF80-CC3318716A06}"
	ProjectSection(SolutionItems) = preProject
		.gitignore = .gitignore
		README.md = README.md
	EndProjectSection
EndProject
Global
	GlobalSection(SolutionConfigurationPlatforms) = preSolution
		Debug|Any CPU = Debug|Any CPU
		Release|Any CPU = Release|Any CPU
	EndGlobalSection
	GlobalSection(ProjectConfigurationPlatforms) = postSolution
		{18A91A53-6932-4AD8-88F3-DD128DC20EEF}.Debug|Any CPU.ActiveCfg = Debug|Any CPU
		{18A91A53-6932-4AD8-88F3-DD128DC20EEF}.Debug|Any CPU.Build.0 = Debug|Any CPU
		{18A91A53-6932-4AD8-88F3-DD128DC20EEF}.Release|Any CPU.ActiveCfg = Release|Any CPU
		{18A91A53-6932-4AD8-88F3-DD128DC20EEF}.Release|Any CPU.Build.0 = Release|Any CPU
		{4DC12498-642F-4CA3-9824-1EC8FAB2AE49}.Debug|Any CPU.ActiveCfg = Debug|Any CPU
		{4DC12498-642F-4CA3-9824-1EC8FAB2AE49}.Debug|Any CPU.Build.0 = Debug|Any CPU
		{4DC12498-642F-4CA3-9824-1EC8FAB2AE49}.Release|Any CPU.ActiveCfg = Release|Any CPU
		{4DC12498-642F-4CA3-9824-1EC8FAB2AE49}.Release|Any CPU.Build.0 = Release|Any CPU
	EndGlobalSection
	GlobalSection(SolutionProperties) = preSolution
		HideSolutionNode = FALSE
	EndGlobalSection
EndGlobal
